
Microsoft Visual Studio Solution File, Format Version 12.00
# Visual Studio Version 16
VisualStudioVersion = 16.0.30128.74
MinimumVisualStudioVersion = 10.0.40219.1
Project("{FAE04EC0-301F-11D3-BF4B-00C04F79EFBC}") = "MindPlaceApi", "MindPlaceApi\MindPlaceApi.csproj", "{A57A1C9A-2F5B-4B43-BD8C-7BFE82FCB887}"
EndProject
Global
	GlobalSection(SolutionConfigurationPlatforms) = preSolution
		Debug|Any CPU = Debug|Any CPU
		Release|Any CPU = Release|Any CPU
	EndGlobalSection
	GlobalSection(ProjectConfigurationPlatforms) = postSolution
		{A57A1C9A-2F5B-4B43-BD8C-7BFE82FCB887}.Debug|Any CPU.ActiveCfg = Debug|Any CPU
		{A57A1C9A-2F5B-4B43-BD8C-7BFE82FCB887}.Debug|Any CPU.Build.0 = Debug|Any CPU
		{A57A1C9A-2F5B-4B43-BD8C-7BFE82FCB887}.Release|Any CPU.ActiveCfg = Release|Any CPU
		{A57A1C9A-2F5B-4B43-BD8C-7BFE82FCB887}.Release|Any CPU.Build.0 = Release|Any CPU
	EndGlobalSection
	GlobalSection(SolutionProperties) = preSolution
		HideSolutionNode = FALSE
	EndGlobalSection
	GlobalSection(ExtensibilityGlobals) = postSolution
		SolutionGuid = {FB29EE5D-7FFE-4D8D-9A12-D63716F07F88}
	EndGlobalSection
EndGlobal
